// !$*UTF8*$!
{
	archiveVersion = 1;
	classes = {
	};
	objectVersion = 55;
	objects = {

/* Begin PBXBuildFile section */
		DAF67E902896B5B400A40226 /* EatingPlacesApp.swift in Sources */ = {isa = PBXBuildFile; fileRef = DAF67E8F2896B5B400A40226 /* EatingPlacesApp.swift */; };
		DAF67E922896B5B400A40226 /* ContentView.swift in Sources */ = {isa = PBXBuildFile; fileRef = DAF67E912896B5B400A40226 /* ContentView.swift */; };
		DAF67E942896B5C700A40226 /* Assets.xcassets in Resources */ = {isa = PBXBuildFile; fileRef = DAF67E932896B5C700A40226 /* Assets.xcassets */; };
		DAF67E972896B5C700A40226 /* Preview Assets.xcassets in Resources */ = {isa = PBXBuildFile; fileRef = DAF67E962896B5C700A40226 /* Preview Assets.xcassets */; };
		DAF67E9F2896B5F400A40226 /* DetailView.swift in Sources */ = {isa = PBXBuildFile; fileRef = DAF67E9E2896B5F400A40226 /* DetailView.swift */; };
		DAF67EA12896B67C00A40226 /* MapView.swift in Sources */ = {isa = PBXBuildFile; fileRef = DAF67EA02896B67C00A40226 /* MapView.swift */; };
		DAF67EA32896B69B00A40226 /* CircleImage.swift in Sources */ = {isa = PBXBuildFile; fileRef = DAF67EA22896B69B00A40226 /* CircleImage.swift */; };
		DAF67EA52896B6B200A40226 /* Row.swift in Sources */ = {isa = PBXBuildFile; fileRef = DAF67EA42896B6B200A40226 /* Row.swift */; };
		DAF67EA72896B6BE00A40226 /* RowList.swift in Sources */ = {isa = PBXBuildFile; fileRef = DAF67EA62896B6BE00A40226 /* RowList.swift */; };
		DAF67EA92896B6C700A40226 /* WelcomeView.swift in Sources */ = {isa = PBXBuildFile; fileRef = DAF67EA82896B6C700A40226 /* WelcomeView.swift */; };
		DAF67EAB2896B6CF00A40226 /* IntroView.swift in Sources */ = {isa = PBXBuildFile; fileRef = DAF67EAA2896B6CF00A40226 /* IntroView.swift */; };
		DAF67EAD2896B6DB00A40226 /* StarButton.swift in Sources */ = {isa = PBXBuildFile; fileRef = DAF67EAC2896B6DB00A40226 /* StarButton.swift */; };
		DAF67EB02896B70F00A40226 /* places.json in Resources */ = {isa = PBXBuildFile; fileRef = DAF67EAF2896B70F00A40226 /* places.json */; };
		DAF67EB52896B75A00A40226 /* ModelData.swift in Sources */ = {isa = PBXBuildFile; fileRef = DAF67EB42896B75A00A40226 /* ModelData.swift */; };
		DAF67EB72896B76C00A40226 /* Places.swift in Sources */ = {isa = PBXBuildFile; fileRef = DAF67EB62896B76C00A40226 /* Places.swift */; };
/* End PBXBuildFile section */

/* Begin PBXFileReference section */
		DAF67E8C2896B5B400A40226 /* EatingPlaces.app */ = {isa = PBXFileReference; explicitFileType = wrapper.application; includeInIndex = 0; path = EatingPlaces.app; sourceTree = BUILT_PRODUCTS_DIR; };
		DAF67E8F2896B5B400A40226 /* EatingPlacesApp.swift */ = {isa = PBXFileReference; lastKnownFileType = sourcecode.swift; path = EatingPlacesApp.swift; sourceTree = "<group>"; };
		DAF67E912896B5B400A40226 /* ContentView.swift */ = {isa = PBXFileReference; lastKnownFileType = sourcecode.swift; path = ContentView.swift; sourceTree = "<group>"; };
		DAF67E932896B5C700A40226 /* Assets.xcassets */ = {isa = PBXFileReference; lastKnownFileType = folder.assetcatalog; path = Assets.xcassets; sourceTree = "<group>"; };
		DAF67E962896B5C700A40226 /* Preview Assets.xcassets */ = {isa = PBXFileReference; lastKnownFileType = folder.assetcatalog; path = "Preview Assets.xcassets"; sourceTree = "<group>"; };
		DAF67E9E2896B5F400A40226 /* DetailView.swift */ = {isa = PBXFileReference; lastKnownFileType = sourcecode.swift; path = DetailView.swift; sourceTree = "<group>"; };
		DAF67EA02896B67C00A40226 /* MapView.swift */ = {isa = PBXFileReference; lastKnownFileType = sourcecode.swift; path = MapView.swift; sourceTree = "<group>"; };
		DAF67EA22896B69B00A40226 /* CircleImage.swift */ = {isa = PBXFileReference; lastKnownFileType = sourcecode.swift; path = CircleImage.swift; sourceTree = "<group>"; };
		DAF67EA42896B6B200A40226 /* Row.swift */ = {isa = PBXFileReference; lastKnownFileType = sourcecode.swift; path = Row.swift; sourceTree = "<group>"; };
		DAF67EA62896B6BE00A40226 /* RowList.swift */ = {isa = PBXFileReference; lastKnownFileType = sourcecode.swift; path = RowList.swift; sourceTree = "<group>"; };
		DAF67EA82896B6C700A40226 /* WelcomeView.swift */ = {isa = PBXFileReference; lastKnownFileType = sourcecode.swift; path = WelcomeView.swift; sourceTree = "<group>"; };
		DAF67EAA2896B6CF00A40226 /* IntroView.swift */ = {isa = PBXFileReference; lastKnownFileType = sourcecode.swift; path = IntroView.swift; sourceTree = "<group>"; };
		DAF67EAC2896B6DB00A40226 /* StarButton.swift */ = {isa = PBXFileReference; lastKnownFileType = sourcecode.swift; path = StarButton.swift; sourceTree = "<group>"; };
		DAF67EAF2896B70F00A40226 /* places.json */ = {isa = PBXFileReference; fileEncoding = 4; lastKnownFileType = text.json; path = places.json; sourceTree = "<group>"; };
		DAF67EB42896B75A00A40226 /* ModelData.swift */ = {isa = PBXFileReference; lastKnownFileType = sourcecode.swift; path = ModelData.swift; sourceTree = "<group>"; };
		DAF67EB62896B76C00A40226 /* Places.swift */ = {isa = PBXFileReference; lastKnownFileType = sourcecode.swift; path = Places.swift; sourceTree = "<group>"; };
/* End PBXFileReference section */

/* Begin PBXFrameworksBuildPhase section */
		DAF67E892896B5B400A40226 /* Frameworks */ = {
			isa = PBXFrameworksBuildPhase;
			buildActionMask = 2147483647;
			files = (
			);
			runOnlyForDeploymentPostprocessing = 0;
		};
/* End PBXFrameworksBuildPhase section */

/* Begin PBXGroup section */
		DAF67E832896B5B300A40226 = {
			isa = PBXGroup;
			children = (
				DAF67E8E2896B5B400A40226 /* EatingPlaces */,
				DAF67E8D2896B5B400A40226 /* Products */,
			);
			sourceTree = "<group>";
		};
		DAF67E8D2896B5B400A40226 /* Products */ = {
			isa = PBXGroup;
			children = (
				DAF67E8C2896B5B400A40226 /* EatingPlaces.app */,
			);
			name = Products;
			sourceTree = "<group>";
		};
		DAF67E8E2896B5B400A40226 /* EatingPlaces */ = {
			isa = PBXGroup;
			children = (
				DAF67EB32896B75100A40226 /* Model */,
				DAF67EB12896B72900A40226 /* Resources */,
				DAF67E9D2896B5E400A40226 /* Views */,
				DAF67E8F2896B5B400A40226 /* EatingPlacesApp.swift */,
				DAF67EC32896B79100A40226 /* AccentColor.colorset */,
				DAF67E932896B5C700A40226 /* Assets.xcassets */,
				DAF67E952896B5C700A40226 /* Preview Content */,
			);
			path = EatingPlaces;
			sourceTree = "<group>";
		};
		DAF67E952896B5C700A40226 /* Preview Content */ = {
			isa = PBXGroup;
			children = (
				DAF67E962896B5C700A40226 /* Preview Assets.xcassets */,
			);
			path = "Preview Content";
			sourceTree = "<group>";
		};
		DAF67E9D2896B5E400A40226 /* Views */ = {
			isa = PBXGroup;
			children = (
				DAF67E912896B5B400A40226 /* ContentView.swift */,
				DAF67E9E2896B5F400A40226 /* DetailView.swift */,
				DAF67EA02896B67C00A40226 /* MapView.swift */,
				DAF67EA22896B69B00A40226 /* CircleImage.swift */,
				DAF67EA42896B6B200A40226 /* Row.swift */,
				DAF67EA62896B6BE00A40226 /* RowList.swift */,
				DAF67EA82896B6C700A40226 /* WelcomeView.swift */,
				DAF67EAA2896B6CF00A40226 /* IntroView.swift */,
				DAF67EAC2896B6DB00A40226 /* StarButton.swift */,
			);
			path = Views;
			sourceTree = "<group>";
		};
		DAF67EB12896B72900A40226 /* Resources */ = {
			isa = PBXGroup;
			children = (
				DAF67EAF2896B70F00A40226 /* places.json */,
			);
			path = Resources;
			sourceTree = "<group>";
		};
		DAF67EB32896B75100A40226 /* Model */ = {
			isa = PBXGroup;
			children = (
				DAF67EB42896B75A00A40226 /* ModelData.swift */,
				DAF67EB62896B76C00A40226 /* Places.swift */,
			);
			path = Model;
			sourceTree = "<group>";
		};
		DAF67EC32896B79100A40226 /* AccentColor.colorset */ = {
			isa = PBXGroup;
			children = (
			);
			path = AccentColor.colorset;
			sourceTree = "<group>";
		};
/* End PBXGroup section */

/* Begin PBXNativeTarget section */
		DAF67E8B2896B5B400A40226 /* EatingPlaces */ = {
			isa = PBXNativeTarget;
			buildConfigurationList = DAF67E9A2896B5C700A40226 /* Build configuration list for PBXNativeTarget "EatingPlaces" */;
			buildPhases = (
				DAF67E882896B5B400A40226 /* Sources */,
				DAF67E892896B5B400A40226 /* Frameworks */,
				DAF67E8A2896B5B400A40226 /* Resources */,
			);
			buildRules = (
			);
			dependencies = (
			);
			name = EatingPlaces;
			productName = EatingPlaces;
			productReference = DAF67E8C2896B5B400A40226 /* EatingPlaces.app */;
			productType = "com.apple.product-type.application";
		};
/* End PBXNativeTarget section */

/* Begin PBXProject section */
		DAF67E842896B5B300A40226 /* Project object */ = {
			isa = PBXProject;
			attributes = {
				BuildIndependentTargetsInParallel = 1;
				LastSwiftUpdateCheck = 1340;
				LastUpgradeCheck = 1340;
				TargetAttributes = {
					DAF67E8B2896B5B400A40226 = {
						CreatedOnToolsVersion = 13.4.1;
					};
				};
			};
			buildConfigurationList = DAF67E872896B5B300A40226 /* Build configuration list for PBXProject "EatingPlaces" */;
			compatibilityVersion = "Xcode 13.0";
			developmentRegion = en;
			hasScannedForEncodings = 0;
			knownRegions = (
				en,
				Base,
			);
			mainGroup = DAF67E832896B5B300A40226;
			productRefGroup = DAF67E8D2896B5B400A40226 /* Products */;
			projectDirPath = "";
			projectRoot = "";
			targets = (
				DAF67E8B2896B5B400A40226 /* EatingPlaces */,
			);
		};
/* End PBXProject section */

/* Begin PBXResourcesBuildPhase section */
		DAF67E8A2896B5B400A40226 /* Resources */ = {
			isa = PBXResourcesBuildPhase;
			buildActionMask = 2147483647;
			files = (
				DAF67EB02896B70F00A40226 /* places.json in Resources */,
				DAF67E972896B5C700A40226 /* Preview Assets.xcassets in Resources */,
				DAF67E942896B5C700A40226 /* Assets.xcassets in Resources */,
			);
			runOnlyForDeploymentPostprocessing = 0;
		};
/* End PBXResourcesBuildPhase section */

/* Begin PBXSourcesBuildPhase section */
		DAF67E882896B5B400A40226 /* Sources */ = {
			isa = PBXSourcesBuildPhase;
			buildActionMask = 2147483647;
			files = (
				DAF67E922896B5B400A40226 /* ContentView.swift in Sources */,
				DAF67EA12896B67C00A40226 /* MapView.swift in Sources */,
				DAF67E9F2896B5F400A40226 /* DetailView.swift in Sources */,
				DAF67EA92896B6C700A40226 /* WelcomeView.swift in Sources */,
				DAF67E902896B5B400A40226 /* EatingPlacesApp.swift in Sources */,
				DAF67EAD2896B6DB00A40226 /* StarButton.swift in Sources */,
				DAF67EAB2896B6CF00A40226 /* IntroView.swift in Sources */,
				DAF67EA52896B6B200A40226 /* Row.swift in Sources */,
				DAF67EB52896B75A00A40226 /* ModelData.swift in Sources */,
				DAF67EA32896B69B00A40226 /* CircleImage.swift in Sources */,
				DAF67EA72896B6BE00A40226 /* RowList.swift in Sources */,
				DAF67EB72896B76C00A40226 /* Places.swift in Sources */,
			);
			runOnlyForDeploymentPostprocessing = 0;
		};
/* End PBXSourcesBuildPhase section */

/* Begin XCBuildConfiguration section */
		DAF67E982896B5C700A40226 /* Debug */ = {
			isa = XCBuildConfiguration;
			buildSettings = {
				ALWAYS_SEARCH_USER_PATHS = NO;
				CLANG_ANALYZER_NONNULL = YES;
				CLANG_ANALYZER_NUMBER_OBJECT_CONVERSION = YES_AGGRESSIVE;
				CLANG_CXX_LANGUAGE_STANDARD = "gnu++17";
				CLANG_ENABLE_MODULES = YES;
				CLANG_ENABLE_OBJC_ARC = YES;
				CLANG_ENABLE_OBJC_WEAK = YES;
				CLANG_WARN_BLOCK_CAPTURE_AUTORELEASING = YES;
				CLANG_WARN_BOOL_CONVERSION = YES;
				CLANG_WARN_COMMA = YES;
				CLANG_WARN_CONSTANT_CONVERSION = YES;
				CLANG_WARN_DEPRECATED_OBJC_IMPLEMENTATIONS = YES;
				CLANG_WARN_DIRECT_OBJC_ISA_USAGE = YES_ERROR;
				CLANG_WARN_DOCUMENTATION_COMMENTS = YES;
				CLANG_WARN_EMPTY_BODY = YES;
				CLANG_WARN_ENUM_CONVERSION = YES;
				CLANG_WARN_INFINITE_RECURSION = YES;
				CLANG_WARN_INT_CONVERSION = YES;
				CLANG_WARN_NON_LITERAL_NULL_CONVERSION = YES;
				CLANG_WARN_OBJC_IMPLICIT_RETAIN_SELF = YES;
				CLANG_WARN_OBJC_LITERAL_CONVERSION = YES;
				CLANG_WARN_OBJC_ROOT_CLASS = YES_ERROR;
				CLANG_WARN_QUOTED_INCLUDE_IN_FRAMEWORK_HEADER = YES;
				CLANG_WARN_RANGE_LOOP_ANALYSIS = YES;
				CLANG_WARN_STRICT_PROTOTYPES = YES;
				CLANG_WARN_SUSPICIOUS_MOVE = YES;
				CLANG_WARN_UNGUARDED_AVAILABILITY = YES_AGGRESSIVE;
				CLANG_WARN_UNREACHABLE_CODE = YES;
				CLANG_WARN__DUPLICATE_METHOD_MATCH = YES;
				COPY_PHASE_STRIP = NO;
				DEBUG_INFORMATION_FORMAT = dwarf;
				ENABLE_STRICT_OBJC_MSGSEND = YES;
				ENABLE_TESTABILITY = YES;
				GCC_C_LANGUAGE_STANDARD = gnu11;
				GCC_DYNAMIC_NO_PIC = NO;
				GCC_NO_COMMON_BLOCKS = YES;
				GCC_OPTIMIZATION_LEVEL = 0;
				GCC_PREPROCESSOR_DEFINITIONS = (
					"DEBUG=1",
					"$(inherited)",
				);
				GCC_WARN_64_TO_32_BIT_CONVERSION = YES;
				GCC_WARN_ABOUT_RETURN_TYPE = YES_ERROR;
				GCC_WARN_UNDECLARED_SELECTOR = YES;
				GCC_WARN_UNINITIALIZED_AUTOS = YES_AGGRESSIVE;
				GCC_WARN_UNUSED_FUNCTION = YES;
				GCC_WARN_UNUSED_VARIABLE = YES;
				IPHONEOS_DEPLOYMENT_TARGET = 15.5;
				MTL_ENABLE_DEBUG_INFO = INCLUDE_SOURCE;
				MTL_FAST_MATH = YES;
				ONLY_ACTIVE_ARCH = YES;
				SDKROOT = iphoneos;
				SWIFT_ACTIVE_COMPILATION_CONDITIONS = DEBUG;
				SWIFT_OPTIMIZATION_LEVEL = "-Onone";
			};
			name = Debug;
		};
		DAF67E992896B5C700A40226 /* Release */ = {
			isa = XCBuildConfiguration;
			buildSettings = {
				ALWAYS_SEARCH_USER_PATHS = NO;
				CLANG_ANALYZER_NONNULL = YES;
				CLANG_ANALYZER_NUMBER_OBJECT_CONVERSION = YES_AGGRESSIVE;
				CLANG_CXX_LANGUAGE_STANDARD = "gnu++17";
				CLANG_ENABLE_MODULES = YES;
				CLANG_ENABLE_OBJC_ARC = YES;
				CLANG_ENABLE_OBJC_WEAK = YES;
				CLANG_WARN_BLOCK_CAPTURE_AUTORELEASING = YES;
				CLANG_WARN_BOOL_CONVERSION = YES;
				CLANG_WARN_COMMA = YES;
				CLANG_WARN_CONSTANT_CONVERSION = YES;
				CLANG_WARN_DEPRECATED_OBJC_IMPLEMENTATIONS = YES;
				CLANG_WARN_DIRECT_OBJC_ISA_USAGE = YES_ERROR;
				CLANG_WARN_DOCUMENTATION_COMMENTS = YES;
				CLANG_WARN_EMPTY_BODY = YES;
				CLANG_WARN_ENUM_CONVERSION = YES;
				CLANG_WARN_INFINITE_RECURSION = YES;
				CLANG_WARN_INT_CONVERSION = YES;
				CLANG_WARN_NON_LITERAL_NULL_CONVERSION = YES;
				CLANG_WARN_OBJC_IMPLICIT_RETAIN_SELF = YES;
				CLANG_WARN_OBJC_LITERAL_CONVERSION = YES;
				CLANG_WARN_OBJC_ROOT_CLASS = YES_ERROR;
				CLANG_WARN_QUOTED_INCLUDE_IN_FRAMEWORK_HEADER = YES;
				CLANG_WARN_RANGE_LOOP_ANALYSIS = YES;
				CLANG_WARN_STRICT_PROTOTYPES = YES;
				CLANG_WARN_SUSPICIOUS_MOVE = YES;
				CLANG_WARN_UNGUARDED_AVAILABILITY = YES_AGGRESSIVE;
				CLANG_WARN_UNREACHABLE_CODE = YES;
				CLANG_WARN__DUPLICATE_METHOD_MATCH = YES;
				COPY_PHASE_STRIP = NO;
				DEBUG_INFORMATION_FORMAT = "dwarf-with-dsym";
				ENABLE_NS_ASSERTIONS = NO;
				ENABLE_STRICT_OBJC_MSGSEND = YES;
				GCC_C_LANGUAGE_STANDARD = gnu11;
				GCC_NO_COMMON_BLOCKS = YES;
				GCC_WARN_64_TO_32_BIT_CONVERSION = YES;
				GCC_WARN_ABOUT_RETURN_TYPE = YES_ERROR;
				GCC_WARN_UNDECLARED_SELECTOR = YES;
				GCC_WARN_UNINITIALIZED_AUTOS = YES_AGGRESSIVE;
				GCC_WARN_UNUSED_FUNCTION = YES;
				GCC_WARN_UNUSED_VARIABLE = YES;
				IPHONEOS_DEPLOYMENT_TARGET = 15.5;
				MTL_ENABLE_DEBUG_INFO = NO;
				MTL_FAST_MATH = YES;
				SDKROOT = iphoneos;
				SWIFT_COMPILATION_MODE = wholemodule;
				SWIFT_OPTIMIZATION_LEVEL = "-O";
				VALIDATE_PRODUCT = YES;
			};
			name = Release;
		};
		DAF67E9B2896B5C700A40226 /* Debug */ = {
			isa = XCBuildConfiguration;
			buildSettings = {
				ASSETCATALOG_COMPILER_APPICON_NAME = AppIcon;
				ASSETCATALOG_COMPILER_GLOBAL_ACCENT_COLOR_NAME = AccentColor;
				CODE_SIGN_STYLE = Automatic;
				CURRENT_PROJECT_VERSION = 1;
				DEVELOPMENT_ASSET_PATHS = "\"EatingPlaces/Preview Content\"";
				DEVELOPMENT_TEAM = JRCBGGWLJ4;
				ENABLE_PREVIEWS = YES;
				GENERATE_INFOPLIST_FILE = YES;
				INFOPLIST_KEY_UIApplicationSceneManifest_Generation = YES;
				INFOPLIST_KEY_UIApplicationSupportsIndirectInputEvents = YES;
				INFOPLIST_KEY_UILaunchScreen_Generation = YES;
				INFOPLIST_KEY_UISupportedInterfaceOrientations_iPad = "UIInterfaceOrientationPortrait UIInterfaceOrientationPortraitUpsideDown UIInterfaceOrientationLandscapeLeft UIInterfaceOrientationLandscapeRight";
				INFOPLIST_KEY_UISupportedInterfaceOrientations_iPhone = "UIInterfaceOrientationPortrait UIInterfaceOrientationLandscapeLeft UIInterfaceOrientationLandscapeRight";
				LD_RUNPATH_SEARCH_PATHS = (
					"$(inherited)",
					"@executable_path/Frameworks",
				);
				MARKETING_VERSION = 1.0;
				PRODUCT_BUNDLE_IDENTIFIER = vn.edu.rmit.Tin.EatingPlaces;
				PRODUCT_NAME = "$(TARGET_NAME)";
				SWIFT_EMIT_LOC_STRINGS = YES;
				SWIFT_VERSION = 5.0;
				TARGETED_DEVICE_FAMILY = "1,2";
			};
			name = Debug;
		};
		DAF67E9C2896B5C700A40226 /* Release */ = {
			isa = XCBuildConfiguration;
			buildSettings = {
				ASSETCATALOG_COMPILER_APPICON_NAME = AppIcon;
				ASSETCATALOG_COMPILER_GLOBAL_ACCENT_COLOR_NAME = AccentColor;
				CODE_SIGN_STYLE = Automatic;
				CURRENT_PROJECT_VERSION = 1;
				DEVELOPMENT_ASSET_PATHS = "\"EatingPlaces/Preview Content\"";
				DEVELOPMENT_TEAM = JRCBGGWLJ4;
				ENABLE_PREVIEWS = YES;
				GENERATE_INFOPLIST_FILE = YES;
				INFOPLIST_KEY_UIApplicationSceneManifest_Generation = YES;
				INFOPLIST_KEY_UIApplicationSupportsIndirectInputEvents = YES;
				INFOPLIST_KEY_UILaunchScreen_Generation = YES;
				INFOPLIST_KEY_UISupportedInterfaceOrientations_iPad = "UIInterfaceOrientationPortrait UIInterfaceOrientationPortraitUpsideDown UIInterfaceOrientationLandscapeLeft UIInterfaceOrientationLandscapeRight";
				INFOPLIST_KEY_UISupportedInterfaceOrientations_iPhone = "UIInterfaceOrientationPortrait UIInterfaceOrientationLandscapeLeft UIInterfaceOrientationLandscapeRight";
				LD_RUNPATH_SEARCH_PATHS = (
					"$(inherited)",
					"@executable_path/Frameworks",
				);
				MARKETING_VERSION = 1.0;
				PRODUCT_BUNDLE_IDENTIFIER = vn.edu.rmit.Tin.EatingPlaces;
				PRODUCT_NAME = "$(TARGET_NAME)";
				SWIFT_EMIT_LOC_STRINGS = YES;
				SWIFT_VERSION = 5.0;
				TARGETED_DEVICE_FAMILY = "1,2";
			};
			name = Release;
		};
/* End XCBuildConfiguration section */

/* Begin XCConfigurationList section */
		DAF67E872896B5B300A40226 /* Build configuration list for PBXProject "EatingPlaces" */ = {
			isa = XCConfigurationList;
			buildConfigurations = (
				DAF67E982896B5C700A40226 /* Debug */,
				DAF67E992896B5C700A40226 /* Release */,
			);
			defaultConfigurationIsVisible = 0;
			defaultConfigurationName = Release;
		};
		DAF67E9A2896B5C700A40226 /* Build configuration list for PBXNativeTarget "EatingPlaces" */ = {
			isa = XCConfigurationList;
			buildConfigurations = (
				DAF67E9B2896B5C700A40226 /* Debug */,
				DAF67E9C2896B5C700A40226 /* Release */,
			);
			defaultConfigurationIsVisible = 0;
			defaultConfigurationName = Release;
		};
/* End XCConfigurationList section */
	};
	rootObject = DAF67E842896B5B300A40226 /* Project object */;
}
